
Microsoft Visual Studio Solution File, Format Version 12.00
# Visual Studio 14
VisualStudioVersion = 14.0.25420.1
MinimumVisualStudioVersion = 10.0.40219.1
Project("{FAE04EC0-301F-11D3-BF4B-00C04F79EFBC}") = "MwParserFromScratch", "MwParserFromScratch\MwParserFromScratch.csproj", "{DAEDA93E-E048-4C63-9D9D-7222DC6F8F5A}"
EndProject
Project("{FAE04EC0-301F-11D3-BF4B-00C04F79EFBC}") = "UnitTestProject1", "UnitTestProject1\UnitTestProject1.csproj", "{1238ABE2-88A6-401B-8492-2B4CF240F6BB}"
EndProject
Project("{FAE04EC0-301F-11D3-BF4B-00C04F79EFBC}") = "ConsoleTestApplication1", "ConsoleTestApplication1\ConsoleTestApplication1.csproj", "{ACCAF0CE-1710-4C2F-BF17-A4B12EF21B25}"
EndProject
Project("{FAE04EC0-301F-11D3-BF4B-00C04F79EFBC}") = "ParserTracer", "ParserTracer\ParserTracer.csproj", "{58C90338-2DD8-47BF-BD31-FBB37E8D4DB1}"
EndProject
Global
	GlobalSection(SolutionConfigurationPlatforms) = preSolution
		Debug|Any CPU = Debug|Any CPU
		Release|Any CPU = Release|Any CPU
	EndGlobalSection
	GlobalSection(ProjectConfigurationPlatforms) = postSolution
		{DAEDA93E-E048-4C63-9D9D-7222DC6F8F5A}.Debug|Any CPU.ActiveCfg = Debug|Any CPU
		{DAEDA93E-E048-4C63-9D9D-7222DC6F8F5A}.Debug|Any CPU.Build.0 = Debug|Any CPU
		{DAEDA93E-E048-4C63-9D9D-7222DC6F8F5A}.Release|Any CPU.ActiveCfg = Release|Any CPU
		{DAEDA93E-E048-4C63-9D9D-7222DC6F8F5A}.Release|Any CPU.Build.0 = Release|Any CPU
		{1238ABE2-88A6-401B-8492-2B4CF240F6BB}.Debug|Any CPU.ActiveCfg = Debug|Any CPU
		{1238ABE2-88A6-401B-8492-2B4CF240F6BB}.Debug|Any CPU.Build.0 = Debug|Any CPU
		{1238ABE2-88A6-401B-8492-2B4CF240F6BB}.Release|Any CPU.ActiveCfg = Release|Any CPU
		{1238ABE2-88A6-401B-8492-2B4CF240F6BB}.Release|Any CPU.Build.0 = Release|Any CPU
		{ACCAF0CE-1710-4C2F-BF17-A4B12EF21B25}.Debug|Any CPU.ActiveCfg = Debug|Any CPU
		{ACCAF0CE-1710-4C2F-BF17-A4B12EF21B25}.Debug|Any CPU.Build.0 = Debug|Any CPU
		{ACCAF0CE-1710-4C2F-BF17-A4B12EF21B25}.Release|Any CPU.ActiveCfg = Release|Any CPU
		{ACCAF0CE-1710-4C2F-BF17-A4B12EF21B25}.Release|Any CPU.Build.0 = Release|Any CPU
		{58C90338-2DD8-47BF-BD31-FBB37E8D4DB1}.Debug|Any CPU.ActiveCfg = Debug|Any CPU
		{58C90338-2DD8-47BF-BD31-FBB37E8D4DB1}.Debug|Any CPU.Build.0 = Debug|Any CPU
		{58C90338-2DD8-47BF-BD31-FBB37E8D4DB1}.Release|Any CPU.ActiveCfg = Release|Any CPU
		{58C90338-2DD8-47BF-BD31-FBB37E8D4DB1}.Release|Any CPU.Build.0 = Release|Any CPU
	EndGlobalSection
	GlobalSection(SolutionProperties) = preSolution
		HideSolutionNode = FALSE
	EndGlobalSection
EndGlobal
